
Microsoft Visual Studio Solution File, Format Version 12.00
# Visual Studio 15
VisualStudioVersion = 15.0.28307.136
MinimumVisualStudioVersion = 10.0.40219.1
Project("{FAE04EC0-301F-11D3-BF4B-00C04F79EFBC}") = "Subli-art Domino Cropper", "Subli-art Domino Cropper\Subli-art Domino Cropper.csproj", "{9CC548BD-A9E7-45FB-B95E-A8342FAC2196}"
EndProject
Project("{FAE04EC0-301F-11D3-BF4B-00C04F79EFBC}") = "Subli-art Ludo Cropper", "Subli-art Ludo Cropper\Subli-art Ludo Cropper.csproj", "{6A755BE1-0733-4B88-8B2C-986E93E877A7}"
EndProject
Project("{54435603-DBB4-11D2-8724-00A0C9A8B90C}") = "Subli-art Ludo Cropper Setup", "Subli-art Ludo Cropper Setup\Subli-art Ludo Cropper Setup.vdproj", "{1C228D0C-E5DD-44D8-8230-4557FAD39A03}"
EndProject
Project("{54435603-DBB4-11D2-8724-00A0C9A8B90C}") = "Subli-art Domino Cropper Setup", "Subli-art Domino Cropper Setup\Subli-art Domino Cropper Setup.vdproj", "{13C1C3F0-4733-4997-B8B2-34614A68C173}"
EndProject
Global
	GlobalSection(SolutionConfigurationPlatforms) = preSolution
		Debug|x86 = Debug|x86
		Release|x86 = Release|x86
	EndGlobalSection
	GlobalSection(ProjectConfigurationPlatforms) = postSolution
		{9CC548BD-A9E7-45FB-B95E-A8342FAC2196}.Debug|x86.ActiveCfg = Debug|x86
		{9CC548BD-A9E7-45FB-B95E-A8342FAC2196}.Debug|x86.Build.0 = Debug|x86
		{9CC548BD-A9E7-45FB-B95E-A8342FAC2196}.Release|x86.ActiveCfg = Release|x86
		{9CC548BD-A9E7-45FB-B95E-A8342FAC2196}.Release|x86.Build.0 = Release|x86
		{6A755BE1-0733-4B88-8B2C-986E93E877A7}.Debug|x86.ActiveCfg = Debug|x86
		{6A755BE1-0733-4B88-8B2C-986E93E877A7}.Debug|x86.Build.0 = Debug|x86
		{6A755BE1-0733-4B88-8B2C-986E93E877A7}.Release|x86.ActiveCfg = Release|x86
		{6A755BE1-0733-4B88-8B2C-986E93E877A7}.Release|x86.Build.0 = Release|x86
		{1C228D0C-E5DD-44D8-8230-4557FAD39A03}.Debug|x86.ActiveCfg = Release
		{1C228D0C-E5DD-44D8-8230-4557FAD39A03}.Release|x86.ActiveCfg = Release
		{13C1C3F0-4733-4997-B8B2-34614A68C173}.Debug|x86.ActiveCfg = Debug
		{13C1C3F0-4733-4997-B8B2-34614A68C173}.Release|x86.ActiveCfg = Release
	EndGlobalSection
	GlobalSection(SolutionProperties) = preSolution
		HideSolutionNode = FALSE
	EndGlobalSection
	GlobalSection(ExtensibilityGlobals) = postSolution
		SolutionGuid = {61882244-3A78-4DAC-AA7B-2AD86B3E7283}
	EndGlobalSection
EndGlobal
